# THIS IS AN AUTOGENERATED FILE. DO NOT EDIT THIS FILE DIRECTLY.
# yarn lockfile v1


"@babel/runtime@^7.2.0":
  version "7.3.1"
  resolved "https://registry.yarnpkg.com/@babel/runtime/-/runtime-7.3.1.tgz#574b03e8e8a9898eaf4a872a92ea20b7846f6f2a"
  integrity sha512-7jGW8ppV0ant637pIqAcFfQDDH1orEPGJb8aXfUozuCU3QqX7rX4DA8iwrbPrR1hcH0FTTHz47yQnk+bl5xHQA==
  dependencies:
    regenerator-runtime "^0.12.0"

fast-deep-equal@^2.0.1:
  version "2.0.1"
  resolved "https://registry.yarnpkg.com/fast-deep-equal/-/fast-deep-equal-2.0.1.tgz#7b05218ddf9667bf7f370bf7fdb2cb15fdd0aa49"
  integrity sha1-ewUhjd+WZ79/Nwv3/bLLFf3Qqkk=

hoist-non-react-statics@^3.2.1:
  version "3.3.0"
  resolved "https://registry.yarnpkg.com/hoist-non-react-statics/-/hoist-non-react-statics-3.3.0.tgz#b09178f0122184fb95acf525daaecb4d8f45958b"
  integrity sha512-0XsbTXxgiaCDYDIWFcwkmerZPSwywfUqYmwT4jzewKTQSWoE6FCMoUVOeBJWK3E/CrWbxRG3m5GzY4lnIwGRBA==
  dependencies:
    react-is "^16.7.0"

"js-tokens@^3.0.0 || ^4.0.0":
  version "4.0.0"
  resolved "https://registry.yarnpkg.com/js-tokens/-/js-tokens-4.0.0.tgz#19203fb59991df98e3a287050d4647cdeaf32499"
  integrity sha512-RdJUflcE3cUzKiMqQgsCu06FPu9UdIJO0beYbPhHN4k6apgJtifcoCtT9bcxOpYBtpD2kCM6Sbzg4CausW/PKQ==

loose-envify@^1.0.0:
  version "1.4.0"
  resolved "https://registry.yarnpkg.com/loose-envify/-/loose-envify-1.4.0.tgz#71ee51fa7be4caec1a63839f7e682d8132d30caf"
  integrity sha512-lyuxPGr/Wfhrlem2CL/UcnUc1zcqKAImBDzukY7Y5F/yQiNdko6+fRLevlw1HgMySw7f611UIY408EtxRSoK3Q==
  dependencies:
    js-tokens "^3.0.0 || ^4.0.0"

react-is@^16.7.0:
  version "16.7.0"
  resolved "https://registry.yarnpkg.com/react-is/-/react-is-16.7.0.tgz#c1bd21c64f1f1364c6f70695ec02d69392f41bfa"
  integrity sha512-Z0VRQdF4NPDoI0tsXVMLkJLiwEBa+RP66g0xDHxgxysxSoCUccSten4RTF/UFvZF1dZvZ9Zu1sx+MDXwcOR34g==

react-leaflet@^2.2.0:
  version "2.2.0"
  resolved "https://registry.yarnpkg.com/react-leaflet/-/react-leaflet-2.2.0.tgz#9372dc74790515cef723a173833009b7709cbec6"
  integrity sha512-TCjqIp9ET2LMOK+rBjJTQQesk/9UrP6+zsXoSJU8ZzuyJWVQERLGadDng4yZ63XgIcB7aEAXnl93IsmF46uDyQ==
  dependencies:
    "@babel/runtime" "^7.2.0"
    fast-deep-equal "^2.0.1"
    hoist-non-react-statics "^3.2.1"
    warning "^4.0.0"

regenerator-runtime@^0.12.0:
  version "0.12.1"
  resolved "https://registry.yarnpkg.com/regenerator-runtime/-/regenerator-runtime-0.12.1.tgz#fa1a71544764c036f8c49b13a08b2594c9f8a0de"
  integrity sha512-odxIc1/vDlo4iZcfXqRYFj0vpXFNoGdKMAUieAlFYO6m/nl5e9KR/beGf41z4a1FI+aQgtjhuaSlDxQ0hmkrHg==

warning@^4.0.0:
  version "4.0.2"
  resolved "https://registry.yarnpkg.com/warning/-/warning-4.0.2.tgz#aa6876480872116fa3e11d434b0d0d8d91e44607"
  integrity sha512-wbTp09q/9C+jJn4KKJfJfoS6VleK/Dti0yqWSm6KMvJ4MRCXFQNapHuJXutJIrWV0Cf4AhTdeIe4qdKHR1+Hug==
  dependencies:
    loose-envify "^1.0.0"
